{
	"name": "@casl/ability",
	"version": "3.0.2",
	"lockfileVersion": 1,
	"requires": true,
	"dependencies": {
		"sift": {
			"version": "8.2.0",
			"resolved": "https://registry.npmjs.org/sift/-/sift-8.2.0.tgz",
			"integrity": "sha512-+LyvjL/E1zzLneZsa0eVxjCJqvE3dB/Aroj9MSjEgbrn7L73j02SaHSzJbm9Se9sKMtbRupw8nm4U5RZEzOwtg=="
		}
	}
}
